# This file is automatically @generated by Cargo.
# It is not intended for manual editing.
[[package]]
name = "cfg-if"
version = "0.1.10"
source = "registry+https://github.com/rust-lang/crates.io-index"

[[package]]
name = "day6"
version = "0.1.0"
dependencies = [
 "vec-tree 0.1.2 (registry+https://github.com/rust-lang/crates.io-index)",
]

[[package]]
name = "generational-arena"
version = "0.2.6"
source = "registry+https://github.com/rust-lang/crates.io-index"
dependencies = [
 "cfg-if 0.1.10 (registry+https://github.com/rust-lang/crates.io-index)",
]

[[package]]
name = "vec-tree"
version = "0.1.2"
source = "registry+https://github.com/rust-lang/crates.io-index"
dependencies = [
 "generational-arena 0.2.6 (registry+https://github.com/rust-lang/crates.io-index)",
]

[metadata]
"checksum cfg-if 0.1.10 (registry+https://github.com/rust-lang/crates.io-index)" = "4785bdd1c96b2a846b2bd7cc02e86b6b3dbf14e7e53446c4f54c92a361040822"
"checksum generational-arena 0.2.6 (registry+https://github.com/rust-lang/crates.io-index)" = "675c9623fbcdb4b402176db720bf5d95883a36303703ed1bd3a03482382f735a"
"checksum vec-tree 0.1.2 (registry+https://github.com/rust-lang/crates.io-index)" = "b13a87f8563cac3b8170c7a6b0b641fdd29199a128c63b7a389556fc84f1d5e6"
